
Microsoft Visual Studio Solution File, Format Version 12.00
# Visual Studio 14
VisualStudioVersion = 14.0.22823.1
MinimumVisualStudioVersion = 10.0.40219.1
Project("{2150E333-8FDC-42A3-9474-1A3956D46DE8}") = "src", "src", "{D637968B-08F3-41D8-8A08-F85BCCFF0ECB}"
EndProject
Project("{2150E333-8FDC-42A3-9474-1A3956D46DE8}") = "Solution Items", "Solution Items", "{902F37CA-C354-43CC-8838-8D41ADC7993C}"
	ProjectSection(SolutionItems) = preProject
		global.json = global.json
	EndProjectSection
EndProject
Project("{8BB2217D-0F2D-49D1-97BC-3654ED321F3B}") = "DifflibSample", "src\DifflibSample\DifflibSample.xproj", "{EBF4B5A2-C82E-40A4-A6B7-86A2D120FE13}"
EndProject
Global
	GlobalSection(SolutionConfigurationPlatforms) = preSolution
		Debug|Any CPU = Debug|Any CPU
		Release|Any CPU = Release|Any CPU
	EndGlobalSection
	GlobalSection(ProjectConfigurationPlatforms) = postSolution
		{EBF4B5A2-C82E-40A4-A6B7-86A2D120FE13}.Debug|Any CPU.ActiveCfg = Debug|Any CPU
		{EBF4B5A2-C82E-40A4-A6B7-86A2D120FE13}.Debug|Any CPU.Build.0 = Debug|Any CPU
		{EBF4B5A2-C82E-40A4-A6B7-86A2D120FE13}.Release|Any CPU.ActiveCfg = Release|Any CPU
		{EBF4B5A2-C82E-40A4-A6B7-86A2D120FE13}.Release|Any CPU.Build.0 = Release|Any CPU
	EndGlobalSection
	GlobalSection(SolutionProperties) = preSolution
		HideSolutionNode = FALSE
	EndGlobalSection
	GlobalSection(NestedProjects) = preSolution
		{EBF4B5A2-C82E-40A4-A6B7-86A2D120FE13} = {D637968B-08F3-41D8-8A08-F85BCCFF0ECB}
	EndGlobalSection
EndGlobal
